
Microsoft Visual Studio Solution File, Format Version 12.00
# Visual Studio Version 17
VisualStudioVersion = 17.2.32516.85
MinimumVisualStudioVersion = 10.0.40219.1
Project("{2150E333-8FDC-42A3-9474-1A3956D46DE8}") = "Solution Items", "Solution Items", "{0613994D-BE5C-4EBC-A461-FA3CD0A2996D}"
	ProjectSection(SolutionItems) = preProject
		WebDevDB.sql = WebDevDB.sql
	EndProjectSection
EndProject
Project("{9A19103F-16F7-4668-BE54-9A1E7A4F7556}") = "WebDev.DAL", "WebDev.DAL\WebDev.DAL.csproj", "{D7ACE2CF-176C-484A-A966-AA8F40E13774}"
EndProject
Project("{9A19103F-16F7-4668-BE54-9A1E7A4F7556}") = "WebDevTest", "WebDevTest\WebDevTest.csproj", "{45D4EBFB-DCB3-4CE2-931E-7EF7A9B6F800}"
EndProject
Project("{9A19103F-16F7-4668-BE54-9A1E7A4F7556}") = "WebDev.API", "WebDev.API\WebDev.API.csproj", "{C39E546B-E8EE-48CD-824E-27692304F6CE}"
EndProject
Global
	GlobalSection(SolutionConfigurationPlatforms) = preSolution
		Debug|Any CPU = Debug|Any CPU
		Release|Any CPU = Release|Any CPU
	EndGlobalSection
	GlobalSection(ProjectConfigurationPlatforms) = postSolution
		{D7ACE2CF-176C-484A-A966-AA8F40E13774}.Debug|Any CPU.ActiveCfg = Debug|Any CPU
		{D7ACE2CF-176C-484A-A966-AA8F40E13774}.Debug|Any CPU.Build.0 = Debug|Any CPU
		{D7ACE2CF-176C-484A-A966-AA8F40E13774}.Release|Any CPU.ActiveCfg = Release|Any CPU
		{D7ACE2CF-176C-484A-A966-AA8F40E13774}.Release|Any CPU.Build.0 = Release|Any CPU
		{45D4EBFB-DCB3-4CE2-931E-7EF7A9B6F800}.Debug|Any CPU.ActiveCfg = Debug|Any CPU
		{45D4EBFB-DCB3-4CE2-931E-7EF7A9B6F800}.Debug|Any CPU.Build.0 = Debug|Any CPU
		{45D4EBFB-DCB3-4CE2-931E-7EF7A9B6F800}.Release|Any CPU.ActiveCfg = Release|Any CPU
		{45D4EBFB-DCB3-4CE2-931E-7EF7A9B6F800}.Release|Any CPU.Build.0 = Release|Any CPU
		{C39E546B-E8EE-48CD-824E-27692304F6CE}.Debug|Any CPU.ActiveCfg = Debug|Any CPU
		{C39E546B-E8EE-48CD-824E-27692304F6CE}.Debug|Any CPU.Build.0 = Debug|Any CPU
		{C39E546B-E8EE-48CD-824E-27692304F6CE}.Release|Any CPU.ActiveCfg = Release|Any CPU
		{C39E546B-E8EE-48CD-824E-27692304F6CE}.Release|Any CPU.Build.0 = Release|Any CPU
	EndGlobalSection
	GlobalSection(SolutionProperties) = preSolution
		HideSolutionNode = FALSE
	EndGlobalSection
	GlobalSection(ExtensibilityGlobals) = postSolution
		SolutionGuid = {2790CB05-CBFC-47FD-AD13-FE725F31AD46}
	EndGlobalSection
EndGlobal
